
Microsoft Visual Studio Solution File, Format Version 12.00
# Visual Studio Version 16
VisualStudioVersion = 16.0.31729.503
MinimumVisualStudioVersion = 10.0.40219.1
Project("{FAE04EC0-301F-11D3-BF4B-00C04F79EFBC}") = "ToCompareLengthOfLine", "ToCompareLengthOfLine\ToCompareLengthOfLine.csproj", "{9E1FF17A-DA60-4043-AB52-A2D6AFFD568C}"
EndProject
Global
	GlobalSection(SolutionConfigurationPlatforms) = preSolution
		Debug|Any CPU = Debug|Any CPU
		Release|Any CPU = Release|Any CPU
	EndGlobalSection
	GlobalSection(ProjectConfigurationPlatforms) = postSolution
		{9E1FF17A-DA60-4043-AB52-A2D6AFFD568C}.Debug|Any CPU.ActiveCfg = Debug|Any CPU
		{9E1FF17A-DA60-4043-AB52-A2D6AFFD568C}.Debug|Any CPU.Build.0 = Debug|Any CPU
		{9E1FF17A-DA60-4043-AB52-A2D6AFFD568C}.Release|Any CPU.ActiveCfg = Release|Any CPU
		{9E1FF17A-DA60-4043-AB52-A2D6AFFD568C}.Release|Any CPU.Build.0 = Release|Any CPU
	EndGlobalSection
	GlobalSection(SolutionProperties) = preSolution
		HideSolutionNode = FALSE
	EndGlobalSection
	GlobalSection(ExtensibilityGlobals) = postSolution
		SolutionGuid = {62C8E6CF-8EEC-4AB9-B846-1B98A175A610}
	EndGlobalSection
EndGlobal
